
Microsoft Visual Studio Solution File, Format Version 12.00
# Visual Studio Version 17
VisualStudioVersion = 17.5.33516.290
MinimumVisualStudioVersion = 10.0.40219.1
Project("{FAE04EC0-301F-11D3-BF4B-00C04F79EFBC}") = "ConsumerTicket", "ConsumerTicket\ConsumerTicket.csproj", "{B68E79D0-1EAD-4E63-945A-AD0B622F0F6B}"
EndProject
Project("{FAE04EC0-301F-11D3-BF4B-00C04F79EFBC}") = "ProducerAPIAir", "ProducerAPIAir\ProducerAPIAir.csproj", "{C9F5BEBA-FFC4-410B-90DF-3A6BB45A4EBC}"
EndProject
Global
	GlobalSection(SolutionConfigurationPlatforms) = preSolution
		Debug|Any CPU = Debug|Any CPU
		Release|Any CPU = Release|Any CPU
	EndGlobalSection
	GlobalSection(ProjectConfigurationPlatforms) = postSolution
		{B68E79D0-1EAD-4E63-945A-AD0B622F0F6B}.Debug|Any CPU.ActiveCfg = Debug|Any CPU
		{B68E79D0-1EAD-4E63-945A-AD0B622F0F6B}.Debug|Any CPU.Build.0 = Debug|Any CPU
		{B68E79D0-1EAD-4E63-945A-AD0B622F0F6B}.Release|Any CPU.ActiveCfg = Release|Any CPU
		{B68E79D0-1EAD-4E63-945A-AD0B622F0F6B}.Release|Any CPU.Build.0 = Release|Any CPU
		{C9F5BEBA-FFC4-410B-90DF-3A6BB45A4EBC}.Debug|Any CPU.ActiveCfg = Debug|Any CPU
		{C9F5BEBA-FFC4-410B-90DF-3A6BB45A4EBC}.Debug|Any CPU.Build.0 = Debug|Any CPU
		{C9F5BEBA-FFC4-410B-90DF-3A6BB45A4EBC}.Release|Any CPU.ActiveCfg = Release|Any CPU
		{C9F5BEBA-FFC4-410B-90DF-3A6BB45A4EBC}.Release|Any CPU.Build.0 = Release|Any CPU
	EndGlobalSection
	GlobalSection(SolutionProperties) = preSolution
		HideSolutionNode = FALSE
	EndGlobalSection
	GlobalSection(ExtensibilityGlobals) = postSolution
		SolutionGuid = {C40B0D78-403C-482D-AF02-D19600561D70}
	EndGlobalSection
EndGlobal
